
Microsoft Visual Studio Solution File, Format Version 12.00
# Visual Studio Version 16
VisualStudioVersion = 16.0.31702.278
MinimumVisualStudioVersion = 10.0.40219.1
Project("{8BC9CEB8-8B4A-11D0-8D11-00A0C91BC942}") = "7.2iter", "7.2iter.vcxproj", "{205898D1-2C9B-4E8F-AEEC-C485B19EBA77}"
EndProject
Project("{8BC9CEB8-8B4A-11D0-8D11-00A0C91BC942}") = "UnitTest12", "..\UnitTest12\UnitTest12.vcxproj", "{042B6115-12FC-4DEB-AAB8-3A3FF06E0397}"
EndProject
Global
	GlobalSection(SolutionConfigurationPlatforms) = preSolution
		Debug|x64 = Debug|x64
		Debug|x86 = Debug|x86
		Release|x64 = Release|x64
		Release|x86 = Release|x86
	EndGlobalSection
	GlobalSection(ProjectConfigurationPlatforms) = postSolution
		{205898D1-2C9B-4E8F-AEEC-C485B19EBA77}.Debug|x64.ActiveCfg = Debug|x64
		{205898D1-2C9B-4E8F-AEEC-C485B19EBA77}.Debug|x64.Build.0 = Debug|x64
		{205898D1-2C9B-4E8F-AEEC-C485B19EBA77}.Debug|x86.ActiveCfg = Debug|Win32
		{205898D1-2C9B-4E8F-AEEC-C485B19EBA77}.Debug|x86.Build.0 = Debug|Win32
		{205898D1-2C9B-4E8F-AEEC-C485B19EBA77}.Release|x64.ActiveCfg = Release|x64
		{205898D1-2C9B-4E8F-AEEC-C485B19EBA77}.Release|x64.Build.0 = Release|x64
		{205898D1-2C9B-4E8F-AEEC-C485B19EBA77}.Release|x86.ActiveCfg = Release|Win32
		{205898D1-2C9B-4E8F-AEEC-C485B19EBA77}.Release|x86.Build.0 = Release|Win32
		{042B6115-12FC-4DEB-AAB8-3A3FF06E0397}.Debug|x64.ActiveCfg = Debug|x64
		{042B6115-12FC-4DEB-AAB8-3A3FF06E0397}.Debug|x64.Build.0 = Debug|x64
		{042B6115-12FC-4DEB-AAB8-3A3FF06E0397}.Debug|x86.ActiveCfg = Debug|Win32
		{042B6115-12FC-4DEB-AAB8-3A3FF06E0397}.Debug|x86.Build.0 = Debug|Win32
		{042B6115-12FC-4DEB-AAB8-3A3FF06E0397}.Release|x64.ActiveCfg = Release|x64
		{042B6115-12FC-4DEB-AAB8-3A3FF06E0397}.Release|x64.Build.0 = Release|x64
		{042B6115-12FC-4DEB-AAB8-3A3FF06E0397}.Release|x86.ActiveCfg = Release|Win32
		{042B6115-12FC-4DEB-AAB8-3A3FF06E0397}.Release|x86.Build.0 = Release|Win32
	EndGlobalSection
	GlobalSection(SolutionProperties) = preSolution
		HideSolutionNode = FALSE
	EndGlobalSection
	GlobalSection(ExtensibilityGlobals) = postSolution
		SolutionGuid = {D6043215-3851-42D4-A2D7-FB9DA2E585A0}
	EndGlobalSection
EndGlobal
